
Microsoft Visual Studio Solution File, Format Version 12.00
# Visual Studio Version 16
VisualStudioVersion = 16.0.30907.101
MinimumVisualStudioVersion = 10.0.40219.1
Project("{FAE04EC0-301F-11D3-BF4B-00C04F79EFBC}") = "CurrencyConverter", "CurencyConverter\CurrencyConverter.csproj", "{8BC1E1E0-D6C7-47C7-B4F9-C713C025B766}"
EndProject
Global
	GlobalSection(SolutionConfigurationPlatforms) = preSolution
		Debug|Any CPU = Debug|Any CPU
		Release|Any CPU = Release|Any CPU
	EndGlobalSection
	GlobalSection(ProjectConfigurationPlatforms) = postSolution
		{8BC1E1E0-D6C7-47C7-B4F9-C713C025B766}.Debug|Any CPU.ActiveCfg = Debug|Any CPU
		{8BC1E1E0-D6C7-47C7-B4F9-C713C025B766}.Debug|Any CPU.Build.0 = Debug|Any CPU
		{8BC1E1E0-D6C7-47C7-B4F9-C713C025B766}.Release|Any CPU.ActiveCfg = Release|Any CPU
		{8BC1E1E0-D6C7-47C7-B4F9-C713C025B766}.Release|Any CPU.Build.0 = Release|Any CPU
	EndGlobalSection
	GlobalSection(SolutionProperties) = preSolution
		HideSolutionNode = FALSE
	EndGlobalSection
	GlobalSection(ExtensibilityGlobals) = postSolution
		SolutionGuid = {DF29B733-8FE3-4BBD-9DC6-9DEB9477ECB7}
	EndGlobalSection
EndGlobal
